
Microsoft Visual Studio Solution File, Format Version 12.00
Project("{FAE04EC0-301F-11D3-BF4B-00C04F79EFBC}") = "BackgroundJobs.API", "BackgroundJobs.API\BackgroundJobs.API.csproj", "{8BADC55F-D3E1-48B2-BAFD-B442A336D11E}"
EndProject
Project("{FAE04EC0-301F-11D3-BF4B-00C04F79EFBC}") = "BackgroundJobs.Infrastructure", "BackgroundJobs.Infrastructure\BackgroundJobs.Infrastructure.csproj", "{E0CAED04-5C63-420D-8EA1-097EA93F411D}"
EndProject
Project("{FAE04EC0-301F-11D3-BF4B-00C04F79EFBC}") = "BackgroundJobs.Infrastructure.Externals", "BackgroundJobs.Infrastructure.Externals\BackgroundJobs.Infrastructure.Externals.csproj", "{93AE5DBC-EF5C-489D-89FE-575C2CD83F80}"
EndProject
Global
	GlobalSection(SolutionConfigurationPlatforms) = preSolution
		Debug|Any CPU = Debug|Any CPU
		Release|Any CPU = Release|Any CPU
	EndGlobalSection
	GlobalSection(ProjectConfigurationPlatforms) = postSolution
		{8BADC55F-D3E1-48B2-BAFD-B442A336D11E}.Debug|Any CPU.ActiveCfg = Debug|Any CPU
		{8BADC55F-D3E1-48B2-BAFD-B442A336D11E}.Debug|Any CPU.Build.0 = Debug|Any CPU
		{8BADC55F-D3E1-48B2-BAFD-B442A336D11E}.Release|Any CPU.ActiveCfg = Release|Any CPU
		{8BADC55F-D3E1-48B2-BAFD-B442A336D11E}.Release|Any CPU.Build.0 = Release|Any CPU
		{E0CAED04-5C63-420D-8EA1-097EA93F411D}.Debug|Any CPU.ActiveCfg = Debug|Any CPU
		{E0CAED04-5C63-420D-8EA1-097EA93F411D}.Debug|Any CPU.Build.0 = Debug|Any CPU
		{E0CAED04-5C63-420D-8EA1-097EA93F411D}.Release|Any CPU.ActiveCfg = Release|Any CPU
		{E0CAED04-5C63-420D-8EA1-097EA93F411D}.Release|Any CPU.Build.0 = Release|Any CPU
		{93AE5DBC-EF5C-489D-89FE-575C2CD83F80}.Debug|Any CPU.ActiveCfg = Debug|Any CPU
		{93AE5DBC-EF5C-489D-89FE-575C2CD83F80}.Debug|Any CPU.Build.0 = Debug|Any CPU
		{93AE5DBC-EF5C-489D-89FE-575C2CD83F80}.Release|Any CPU.ActiveCfg = Release|Any CPU
		{93AE5DBC-EF5C-489D-89FE-575C2CD83F80}.Release|Any CPU.Build.0 = Release|Any CPU
	EndGlobalSection
EndGlobal
